
Microsoft Visual Studio Solution File, Format Version 10.00
# Visual Studio 2008
Project("{8BC9CEB8-8B4A-11D0-8D11-00A0C91BC942}") = "MWRecognizer", "MWRecognizer.vcproj", "{EA356DB9-B1FA-4C12-B904-95E3230FF59F}"
EndProject
Global
	GlobalSection(SolutionConfigurationPlatforms) = preSolution
		Debug|Win32 = Debug|Win32
		Release|Win32 = Release|Win32
	EndGlobalSection
	GlobalSection(ProjectConfigurationPlatforms) = postSolution
		{EA356DB9-B1FA-4C12-B904-95E3230FF59F}.Debug|Win32.ActiveCfg = Debug|Win32
		{EA356DB9-B1FA-4C12-B904-95E3230FF59F}.Debug|Win32.Build.0 = Debug|Win32
		{EA356DB9-B1FA-4C12-B904-95E3230FF59F}.Release|Win32.ActiveCfg = Release|Win32
		{EA356DB9-B1FA-4C12-B904-95E3230FF59F}.Release|Win32.Build.0 = Release|Win32
	EndGlobalSection
	GlobalSection(SolutionProperties) = preSolution
		HideSolutionNode = FALSE
	EndGlobalSection
EndGlobal
